
Microsoft Visual Studio Solution File, Format Version 12.00
# Visual Studio Version 17
VisualStudioVersion = 17.14.36203.30 d17.14
MinimumVisualStudioVersion = 10.0.40219.1
Project("{FAE04EC0-301F-11D3-BF4B-00C04F79EFBC}") = "GenericsTraining.cs", "GenericsTraining.cs\GenericsTraining.cs.csproj", "{D7139F31-107D-4891-96E6-7B30163D9A1D}"
EndProject
Global
	GlobalSection(SolutionConfigurationPlatforms) = preSolution
		Debug|Any CPU = Debug|Any CPU
		Release|Any CPU = Release|Any CPU
	EndGlobalSection
	GlobalSection(ProjectConfigurationPlatforms) = postSolution
		{D7139F31-107D-4891-96E6-7B30163D9A1D}.Debug|Any CPU.ActiveCfg = Debug|Any CPU
		{D7139F31-107D-4891-96E6-7B30163D9A1D}.Debug|Any CPU.Build.0 = Debug|Any CPU
		{D7139F31-107D-4891-96E6-7B30163D9A1D}.Release|Any CPU.ActiveCfg = Release|Any CPU
		{D7139F31-107D-4891-96E6-7B30163D9A1D}.Release|Any CPU.Build.0 = Release|Any CPU
	EndGlobalSection
	GlobalSection(SolutionProperties) = preSolution
		HideSolutionNode = FALSE
	EndGlobalSection
	GlobalSection(ExtensibilityGlobals) = postSolution
		SolutionGuid = {A3711EE8-C6CE-4BBF-9E9B-C754FF009132}
	EndGlobalSection
EndGlobal
